// !$*UTF8*$!
{
	archiveVersion = 1;
	classes = {
	};
	objectVersion = 77;
	objects = {

/* Begin PBXBuildFile section */
		458641742EE05DA7005504FB /* SplashView.swift in Sources */ = {isa = PBXBuildFile; fileRef = 458641732EE05DA5005504FB /* SplashView.swift */; };
		458641782EE060B3005504FB /* HomeView.swift in Sources */ = {isa = PBXBuildFile; fileRef = 458641772EE06046005504FB /* HomeView.swift */; };
		4586417A2EE06227005504FB /* ColoredSection.swift in Sources */ = {isa = PBXBuildFile; fileRef = 458641792EE06223005504FB /* ColoredSection.swift */; };
		4586417C2EE06278005504FB /* CharacterMoodView.swift in Sources */ = {isa = PBXBuildFile; fileRef = 4586417B2EE0623C005504FB /* CharacterMoodView.swift */; };
		4586417E2EE062E4005504FB /* ProfilePicButton.swift in Sources */ = {isa = PBXBuildFile; fileRef = 4586417D2EE062E1005504FB /* ProfilePicButton.swift */; };
/* End PBXBuildFile section */

/* Begin PBXContainerItemProxy section */
		45D1FEAE2ECF5396006AA815 /* PBXContainerItemProxy */ = {
			isa = PBXContainerItemProxy;
			containerPortal = 45D1FE982ECF5395006AA815 /* Project object */;
			proxyType = 1;
			remoteGlobalIDString = 45D1FE9F2ECF5395006AA815;
			remoteInfo = team15;
		};
		45D1FEB82ECF5396006AA815 /* PBXContainerItemProxy */ = {
			isa = PBXContainerItemProxy;
			containerPortal = 45D1FE982ECF5395006AA815 /* Project object */;
			proxyType = 1;
			remoteGlobalIDString = 45D1FE9F2ECF5395006AA815;
			remoteInfo = team15;
		};
/* End PBXContainerItemProxy section */

/* Begin PBXFileReference section */
		458641732EE05DA5005504FB /* SplashView.swift */ = {isa = PBXFileReference; lastKnownFileType = sourcecode.swift; path = SplashView.swift; sourceTree = "<group>"; };
		458641772EE06046005504FB /* HomeView.swift */ = {isa = PBXFileReference; lastKnownFileType = sourcecode.swift; path = HomeView.swift; sourceTree = "<group>"; };
		458641792EE06223005504FB /* ColoredSection.swift */ = {isa = PBXFileReference; lastKnownFileType = sourcecode.swift; path = ColoredSection.swift; sourceTree = "<group>"; };
		4586417B2EE0623C005504FB /* CharacterMoodView.swift */ = {isa = PBXFileReference; lastKnownFileType = sourcecode.swift; path = CharacterMoodView.swift; sourceTree = "<group>"; };
		4586417D2EE062E1005504FB /* ProfilePicButton.swift */ = {isa = PBXFileReference; lastKnownFileType = sourcecode.swift; path = ProfilePicButton.swift; sourceTree = "<group>"; };
		45D1FEA02ECF5395006AA815 /* team15.app */ = {isa = PBXFileReference; explicitFileType = wrapper.application; includeInIndex = 0; path = team15.app; sourceTree = BUILT_PRODUCTS_DIR; };
		45D1FEAD2ECF5396006AA815 /* team15Tests.xctest */ = {isa = PBXFileReference; explicitFileType = wrapper.cfbundle; includeInIndex = 0; path = team15Tests.xctest; sourceTree = BUILT_PRODUCTS_DIR; };
		45D1FEB72ECF5396006AA815 /* team15UITests.xctest */ = {isa = PBXFileReference; explicitFileType = wrapper.cfbundle; includeInIndex = 0; path = team15UITests.xctest; sourceTree = BUILT_PRODUCTS_DIR; };
/* End PBXFileReference section */

/* Begin PBXFileSystemSynchronizedRootGroup section */
		108968582EDC6DF300C4B0FB /* reema */ = {
			isa = PBXFileSystemSynchronizedRootGroup;
			path = reema;
			sourceTree = "<group>";
		};
		45D1FEA22ECF5395006AA815 /* team15 */ = {
			isa = PBXFileSystemSynchronizedRootGroup;
			path = team15;
			sourceTree = "<group>";
		};
		45D1FEB02ECF5396006AA815 /* team15Tests */ = {
			isa = PBXFileSystemSynchronizedRootGroup;
			path = team15Tests;
			sourceTree = "<group>";
		};
		45D1FEBA2ECF5396006AA815 /* team15UITests */ = {
			isa = PBXFileSystemSynchronizedRootGroup;
			path = team15UITests;
			sourceTree = "<group>";
		};
/* End PBXFileSystemSynchronizedRootGroup section */

/* Begin PBXFrameworksBuildPhase section */
		45D1FE9D2ECF5395006AA815 /* Frameworks */ = {
			isa = PBXFrameworksBuildPhase;
			buildActionMask = 2147483647;
			files = (
			);
			runOnlyForDeploymentPostprocessing = 0;
		};
		45D1FEAA2ECF5396006AA815 /* Frameworks */ = {
			isa = PBXFrameworksBuildPhase;
			buildActionMask = 2147483647;
			files = (
			);
			runOnlyForDeploymentPostprocessing = 0;
		};
		45D1FEB42ECF5396006AA815 /* Frameworks */ = {
			isa = PBXFrameworksBuildPhase;
			buildActionMask = 2147483647;
			files = (
			);
			runOnlyForDeploymentPostprocessing = 0;
		};
/* End PBXFrameworksBuildPhase section */

/* Begin PBXGroup section */
		45D1FE972ECF5395006AA815 = {
			isa = PBXGroup;
			children = (
				108968582EDC6DF300C4B0FB /* reema */,
				45D1FEA22ECF5395006AA815 /* team15 */,
				45D1FEB02ECF5396006AA815 /* team15Tests */,
				45D1FEBA2ECF5396006AA815 /* team15UITests */,
				45D1FEA12ECF5395006AA815 /* Products */,
				458641732EE05DA5005504FB /* SplashView.swift */,
				458641772EE06046005504FB /* HomeView.swift */,
				458641792EE06223005504FB /* ColoredSection.swift */,
				4586417B2EE0623C005504FB /* CharacterMoodView.swift */,
				4586417D2EE062E1005504FB /* ProfilePicButton.swift */,
			);
			sourceTree = "<group>";
		};
		45D1FEA12ECF5395006AA815 /* Products */ = {
			isa = PBXGroup;
			children = (
				45D1FEA02ECF5395006AA815 /* team15.app */,
				45D1FEAD2ECF5396006AA815 /* team15Tests.xctest */,
				45D1FEB72ECF5396006AA815 /* team15UITests.xctest */,
			);
			name = Products;
			sourceTree = "<group>";
		};
/* End PBXGroup section */

/* Begin PBXNativeTarget section */
		45D1FE9F2ECF5395006AA815 /* team15 */ = {
			isa = PBXNativeTarget;
			buildConfigurationList = 45D1FEC12ECF5396006AA815 /* Build configuration list for PBXNativeTarget "team15" */;
			buildPhases = (
				45D1FE9C2ECF5395006AA815 /* Sources */,
				45D1FE9D2ECF5395006AA815 /* Frameworks */,
				45D1FE9E2ECF5395006AA815 /* Resources */,
			);
			buildRules = (
			);
			dependencies = (
			);
			fileSystemSynchronizedGroups = (
				108968582EDC6DF300C4B0FB /* reema */,
				45D1FEA22ECF5395006AA815 /* team15 */,
			);
			name = team15;
			packageProductDependencies = (
			);
			productName = team15;
			productReference = 45D1FEA02ECF5395006AA815 /* team15.app */;
			productType = "com.apple.product-type.application";
		};
		45D1FEAC2ECF5396006AA815 /* team15Tests */ = {
			isa = PBXNativeTarget;
			buildConfigurationList = 45D1FEC42ECF5396006AA815 /* Build configuration list for PBXNativeTarget "team15Tests" */;
			buildPhases = (
				45D1FEA92ECF5396006AA815 /* Sources */,
				45D1FEAA2ECF5396006AA815 /* Frameworks */,
				45D1FEAB2ECF5396006AA815 /* Resources */,
			);
			buildRules = (
			);
			dependencies = (
				45D1FEAF2ECF5396006AA815 /* PBXTargetDependency */,
			);
			fileSystemSynchronizedGroups = (
				45D1FEB02ECF5396006AA815 /* team15Tests */,
			);
			name = team15Tests;
			packageProductDependencies = (
			);
			productName = team15Tests;
			productReference = 45D1FEAD2ECF5396006AA815 /* team15Tests.xctest */;
			productType = "com.apple.product-type.bundle.unit-test";
		};
		45D1FEB62ECF5396006AA815 /* team15UITests */ = {
			isa = PBXNativeTarget;
			buildConfigurationList = 45D1FEC72ECF5396006AA815 /* Build configuration list for PBXNativeTarget "team15UITests" */;
			buildPhases = (
				45D1FEB32ECF5396006AA815 /* Sources */,
				45D1FEB42ECF5396006AA815 /* Frameworks */,
				45D1FEB52ECF5396006AA815 /* Resources */,
			);
			buildRules = (
			);
			dependencies = (
				45D1FEB92ECF5396006AA815 /* PBXTargetDependency */,
			);
			fileSystemSynchronizedGroups = (
				45D1FEBA2ECF5396006AA815 /* team15UITests */,
			);
			name = team15UITests;
			packageProductDependencies = (
			);
			productName = team15UITests;
			productReference = 45D1FEB72ECF5396006AA815 /* team15UITests.xctest */;
			productType = "com.apple.product-type.bundle.ui-testing";
		};
/* End PBXNativeTarget section */

/* Begin PBXProject section */
		45D1FE982ECF5395006AA815 /* Project object */ = {
			isa = PBXProject;
			attributes = {
				BuildIndependentTargetsInParallel = 1;
				LastSwiftUpdateCheck = 2600;
				LastUpgradeCheck = 2600;
				TargetAttributes = {
					45D1FE9F2ECF5395006AA815 = {
						CreatedOnToolsVersion = 26.0.1;
					};
					45D1FEAC2ECF5396006AA815 = {
						CreatedOnToolsVersion = 26.0.1;
						TestTargetID = 45D1FE9F2ECF5395006AA815;
					};
					45D1FEB62ECF5396006AA815 = {
						CreatedOnToolsVersion = 26.0.1;
						TestTargetID = 45D1FE9F2ECF5395006AA815;
					};
				};
			};
			buildConfigurationList = 45D1FE9B2ECF5395006AA815 /* Build configuration list for PBXProject "team15" */;
			developmentRegion = en;
			hasScannedForEncodings = 0;
			knownRegions = (
				en,
				Base,
			);
			mainGroup = 45D1FE972ECF5395006AA815;
			minimizedProjectReferenceProxies = 1;
			preferredProjectObjectVersion = 77;
			productRefGroup = 45D1FEA12ECF5395006AA815 /* Products */;
			projectDirPath = "";
			projectRoot = "";
			targets = (
				45D1FE9F2ECF5395006AA815 /* team15 */,
				45D1FEAC2ECF5396006AA815 /* team15Tests */,
				45D1FEB62ECF5396006AA815 /* team15UITests */,
			);
		};
/* End PBXProject section */

/* Begin PBXResourcesBuildPhase section */
		45D1FE9E2ECF5395006AA815 /* Resources */ = {
			isa = PBXResourcesBuildPhase;
			buildActionMask = 2147483647;
			files = (
			);
			runOnlyForDeploymentPostprocessing = 0;
		};
		45D1FEAB2ECF5396006AA815 /* Resources */ = {
			isa = PBXResourcesBuildPhase;
			buildActionMask = 2147483647;
			files = (
			);
			runOnlyForDeploymentPostprocessing = 0;
		};
		45D1FEB52ECF5396006AA815 /* Resources */ = {
			isa = PBXResourcesBuildPhase;
			buildActionMask = 2147483647;
			files = (
			);
			runOnlyForDeploymentPostprocessing = 0;
		};
/* End PBXResourcesBuildPhase section */

/* Begin PBXSourcesBuildPhase section */
		45D1FE9C2ECF5395006AA815 /* Sources */ = {
			isa = PBXSourcesBuildPhase;
			buildActionMask = 2147483647;
			files = (
				458641782EE060B3005504FB /* HomeView.swift in Sources */,
				4586417C2EE06278005504FB /* CharacterMoodView.swift in Sources */,
				4586417A2EE06227005504FB /* ColoredSection.swift in Sources */,
				458641742EE05DA7005504FB /* SplashView.swift in Sources */,
				4586417E2EE062E4005504FB /* ProfilePicButton.swift in Sources */,
			);
			runOnlyForDeploymentPostprocessing = 0;
		};
		45D1FEA92ECF5396006AA815 /* Sources */ = {
			isa = PBXSourcesBuildPhase;
			buildActionMask = 2147483647;
			files = (
			);
			runOnlyForDeploymentPostprocessing = 0;
		};
		45D1FEB32ECF5396006AA815 /* Sources */ = {
			isa = PBXSourcesBuildPhase;
			buildActionMask = 2147483647;
			files = (
			);
			runOnlyForDeploymentPostprocessing = 0;
		};
/* End PBXSourcesBuildPhase section */

/* Begin PBXTargetDependency section */
		45D1FEAF2ECF5396006AA815 /* PBXTargetDependency */ = {
			isa = PBXTargetDependency;
			target = 45D1FE9F2ECF5395006AA815 /* team15 */;
			targetProxy = 45D1FEAE2ECF5396006AA815 /* PBXContainerItemProxy */;
		};
		45D1FEB92ECF5396006AA815 /* PBXTargetDependency */ = {
			isa = PBXTargetDependency;
			target = 45D1FE9F2ECF5395006AA815 /* team15 */;
			targetProxy = 45D1FEB82ECF5396006AA815 /* PBXContainerItemProxy */;
		};
/* End PBXTargetDependency section */

/* Begin XCBuildConfiguration section */
		45D1FEBF2ECF5396006AA815 /* Debug */ = {
			isa = XCBuildConfiguration;
			buildSettings = {
				ALWAYS_SEARCH_USER_PATHS = NO;
				ASSETCATALOG_COMPILER_GENERATE_SWIFT_ASSET_SYMBOL_EXTENSIONS = YES;
				CLANG_ANALYZER_NONNULL = YES;
				CLANG_ANALYZER_NUMBER_OBJECT_CONVERSION = YES_AGGRESSIVE;
				CLANG_CXX_LANGUAGE_STANDARD = "gnu++20";
				CLANG_ENABLE_MODULES = YES;
				CLANG_ENABLE_OBJC_ARC = YES;
				CLANG_ENABLE_OBJC_WEAK = YES;
				CLANG_WARN_BLOCK_CAPTURE_AUTORELEASING = YES;
				CLANG_WARN_BOOL_CONVERSION = YES;
				CLANG_WARN_COMMA = YES;
				CLANG_WARN_CONSTANT_CONVERSION = YES;
				CLANG_WARN_DEPRECATED_OBJC_IMPLEMENTATIONS = YES;
				CLANG_WARN_DIRECT_OBJC_ISA_USAGE = YES_ERROR;
				CLANG_WARN_DOCUMENTATION_COMMENTS = YES;
				CLANG_WARN_EMPTY_BODY = YES;
				CLANG_WARN_ENUM_CONVERSION = YES;
				CLANG_WARN_INFINITE_RECURSION = YES;
				CLANG_WARN_INT_CONVERSION = YES;
				CLANG_WARN_NON_LITERAL_NULL_CONVERSION = YES;
				CLANG_WARN_OBJC_IMPLICIT_RETAIN_SELF = YES;
				CLANG_WARN_OBJC_LITERAL_CONVERSION = YES;
				CLANG_WARN_OBJC_ROOT_CLASS = YES_ERROR;
				CLANG_WARN_QUOTED_INCLUDE_IN_FRAMEWORK_HEADER = YES;
				CLANG_WARN_RANGE_LOOP_ANALYSIS = YES;
				CLANG_WARN_STRICT_PROTOTYPES = YES;
				CLANG_WARN_SUSPICIOUS_MOVE = YES;
				CLANG_WARN_UNGUARDED_AVAILABILITY = YES_AGGRESSIVE;
				CLANG_WARN_UNREACHABLE_CODE = YES;
				CLANG_WARN__DUPLICATE_METHOD_MATCH = YES;
				COPY_PHASE_STRIP = NO;
				DEBUG_INFORMATION_FORMAT = dwarf;
				DEVELOPMENT_TEAM = YJLBQYXH7D;
				ENABLE_STRICT_OBJC_MSGSEND = YES;
				ENABLE_TESTABILITY = YES;
				ENABLE_USER_SCRIPT_SANDBOXING = YES;
				GCC_C_LANGUAGE_STANDARD = gnu17;
				GCC_DYNAMIC_NO_PIC = NO;
				GCC_NO_COMMON_BLOCKS = YES;
				GCC_OPTIMIZATION_LEVEL = 0;
				GCC_PREPROCESSOR_DEFINITIONS = (
					"DEBUG=1",
					"$(inherited)",
				);
				GCC_WARN_64_TO_32_BIT_CONVERSION = YES;
				GCC_WARN_ABOUT_RETURN_TYPE = YES_ERROR;
				GCC_WARN_UNDECLARED_SELECTOR = YES;
				GCC_WARN_UNINITIALIZED_AUTOS = YES_AGGRESSIVE;
				GCC_WARN_UNUSED_FUNCTION = YES;
				GCC_WARN_UNUSED_VARIABLE = YES;
				IPHONEOS_DEPLOYMENT_TARGET = 26.0;
				LOCALIZATION_PREFERS_STRING_CATALOGS = YES;
				MTL_ENABLE_DEBUG_INFO = INCLUDE_SOURCE;
				MTL_FAST_MATH = YES;
				ONLY_ACTIVE_ARCH = YES;
				SDKROOT = iphoneos;
				SWIFT_ACTIVE_COMPILATION_CONDITIONS = "DEBUG $(inherited)";
				SWIFT_OPTIMIZATION_LEVEL = "-Onone";
			};
			name = Debug;
		};
		45D1FEC02ECF5396006AA815 /* Release */ = {
			isa = XCBuildConfiguration;
			buildSettings = {
				ALWAYS_SEARCH_USER_PATHS = NO;
				ASSETCATALOG_COMPILER_GENERATE_SWIFT_ASSET_SYMBOL_EXTENSIONS = YES;
				CLANG_ANALYZER_NONNULL = YES;
				CLANG_ANALYZER_NUMBER_OBJECT_CONVERSION = YES_AGGRESSIVE;
				CLANG_CXX_LANGUAGE_STANDARD = "gnu++20";
				CLANG_ENABLE_MODULES = YES;
				CLANG_ENABLE_OBJC_ARC = YES;
				CLANG_ENABLE_OBJC_WEAK = YES;
				CLANG_WARN_BLOCK_CAPTURE_AUTORELEASING = YES;
				CLANG_WARN_BOOL_CONVERSION = YES;
				CLANG_WARN_COMMA = YES;
				CLANG_WARN_CONSTANT_CONVERSION = YES;
				CLANG_WARN_DEPRECATED_OBJC_IMPLEMENTATIONS = YES;
				CLANG_WARN_DIRECT_OBJC_ISA_USAGE = YES_ERROR;
				CLANG_WARN_DOCUMENTATION_COMMENTS = YES;
				CLANG_WARN_EMPTY_BODY = YES;
				CLANG_WARN_ENUM_CONVERSION = YES;
				CLANG_WARN_INFINITE_RECURSION = YES;
				CLANG_WARN_INT_CONVERSION = YES;
				CLANG_WARN_NON_LITERAL_NULL_CONVERSION = YES;
				CLANG_WARN_OBJC_IMPLICIT_RETAIN_SELF = YES;
				CLANG_WARN_OBJC_LITERAL_CONVERSION = YES;
				CLANG_WARN_OBJC_ROOT_CLASS = YES_ERROR;
				CLANG_WARN_QUOTED_INCLUDE_IN_FRAMEWORK_HEADER = YES;
				CLANG_WARN_RANGE_LOOP_ANALYSIS = YES;
				CLANG_WARN_STRICT_PROTOTYPES = YES;
				CLANG_WARN_SUSPICIOUS_MOVE = YES;
				CLANG_WARN_UNGUARDED_AVAILABILITY = YES_AGGRESSIVE;
				CLANG_WARN_UNREACHABLE_CODE = YES;
				CLANG_WARN__DUPLICATE_METHOD_MATCH = YES;
				COPY_PHASE_STRIP = NO;
				DEBUG_INFORMATION_FORMAT = "dwarf-with-dsym";
				DEVELOPMENT_TEAM = YJLBQYXH7D;
				ENABLE_NS_ASSERTIONS = NO;
				ENABLE_STRICT_OBJC_MSGSEND = YES;
				ENABLE_USER_SCRIPT_SANDBOXING = YES;
				GCC_C_LANGUAGE_STANDARD = gnu17;
				GCC_NO_COMMON_BLOCKS = YES;
				GCC_WARN_64_TO_32_BIT_CONVERSION = YES;
				GCC_WARN_ABOUT_RETURN_TYPE = YES_ERROR;
				GCC_WARN_UNDECLARED_SELECTOR = YES;
				GCC_WARN_UNINITIALIZED_AUTOS = YES_AGGRESSIVE;
				GCC_WARN_UNUSED_FUNCTION = YES;
				GCC_WARN_UNUSED_VARIABLE = YES;
				IPHONEOS_DEPLOYMENT_TARGET = 26.0;
				LOCALIZATION_PREFERS_STRING_CATALOGS = YES;
				MTL_ENABLE_DEBUG_INFO = NO;
				MTL_FAST_MATH = YES;
				SDKROOT = iphoneos;
				SWIFT_COMPILATION_MODE = wholemodule;
				VALIDATE_PRODUCT = YES;
			};
			name = Release;
		};
		45D1FEC22ECF5396006AA815 /* Debug */ = {
			isa = XCBuildConfiguration;
			buildSettings = {
				ASSETCATALOG_COMPILER_APPICON_NAME = AppIcon;
				ASSETCATALOG_COMPILER_GLOBAL_ACCENT_COLOR_NAME = AccentColor;
				CODE_SIGN_STYLE = Automatic;
				CURRENT_PROJECT_VERSION = 1;
				DEVELOPMENT_TEAM = YJLBQYXH7D;
				ENABLE_PREVIEWS = YES;
				GENERATE_INFOPLIST_FILE = YES;
				INFOPLIST_KEY_UIApplicationSceneManifest_Generation = YES;
				INFOPLIST_KEY_UIApplicationSupportsIndirectInputEvents = YES;
				INFOPLIST_KEY_UILaunchScreen_Generation = YES;
				INFOPLIST_KEY_UISupportedInterfaceOrientations_iPad = "UIInterfaceOrientationPortrait UIInterfaceOrientationPortraitUpsideDown UIInterfaceOrientationLandscapeLeft UIInterfaceOrientationLandscapeRight";
				INFOPLIST_KEY_UISupportedInterfaceOrientations_iPhone = "UIInterfaceOrientationPortrait UIInterfaceOrientationLandscapeLeft UIInterfaceOrientationLandscapeRight";
				LD_RUNPATH_SEARCH_PATHS = (
					"$(inherited)",
					"@executable_path/Frameworks",
				);
				MARKETING_VERSION = 1.0;
				PRODUCT_BUNDLE_IDENTIFIER = Aeshah.team15;
				PRODUCT_NAME = "$(TARGET_NAME)";
				STRING_CATALOG_GENERATE_SYMBOLS = YES;
				SWIFT_APPROACHABLE_CONCURRENCY = YES;
				SWIFT_DEFAULT_ACTOR_ISOLATION = MainActor;
				SWIFT_EMIT_LOC_STRINGS = YES;
				SWIFT_UPCOMING_FEATURE_MEMBER_IMPORT_VISIBILITY = YES;
				SWIFT_VERSION = 5.0;
				TARGETED_DEVICE_FAMILY = "1,2";
			};
			name = Debug;
		};
		45D1FEC32ECF5396006AA815 /* Release */ = {
			isa = XCBuildConfiguration;
			buildSettings = {
				ASSETCATALOG_COMPILER_APPICON_NAME = AppIcon;
				ASSETCATALOG_COMPILER_GLOBAL_ACCENT_COLOR_NAME = AccentColor;
				CODE_SIGN_STYLE = Automatic;
				CURRENT_PROJECT_VERSION = 1;
				DEVELOPMENT_TEAM = YJLBQYXH7D;
				ENABLE_PREVIEWS = YES;
				GENERATE_INFOPLIST_FILE = YES;
				INFOPLIST_KEY_UIApplicationSceneManifest_Generation = YES;
				INFOPLIST_KEY_UIApplicationSupportsIndirectInputEvents = YES;
				INFOPLIST_KEY_UILaunchScreen_Generation = YES;
				INFOPLIST_KEY_UISupportedInterfaceOrientations_iPad = "UIInterfaceOrientationPortrait UIInterfaceOrientationPortraitUpsideDown UIInterfaceOrientationLandscapeLeft UIInterfaceOrientationLandscapeRight";
				INFOPLIST_KEY_UISupportedInterfaceOrientations_iPhone = "UIInterfaceOrientationPortrait UIInterfaceOrientationLandscapeLeft UIInterfaceOrientationLandscapeRight";
				LD_RUNPATH_SEARCH_PATHS = (
					"$(inherited)",
					"@executable_path/Frameworks",
				);
				MARKETING_VERSION = 1.0;
				PRODUCT_BUNDLE_IDENTIFIER = Aeshah.team15;
				PRODUCT_NAME = "$(TARGET_NAME)";
				STRING_CATALOG_GENERATE_SYMBOLS = YES;
				SWIFT_APPROACHABLE_CONCURRENCY = YES;
				SWIFT_DEFAULT_ACTOR_ISOLATION = MainActor;
				SWIFT_EMIT_LOC_STRINGS = YES;
				SWIFT_UPCOMING_FEATURE_MEMBER_IMPORT_VISIBILITY = YES;
				SWIFT_VERSION = 5.0;
				TARGETED_DEVICE_FAMILY = "1,2";
			};
			name = Release;
		};
		45D1FEC52ECF5396006AA815 /* Debug */ = {
			isa = XCBuildConfiguration;
			buildSettings = {
				BUNDLE_LOADER = "$(TEST_HOST)";
				CODE_SIGN_STYLE = Automatic;
				CURRENT_PROJECT_VERSION = 1;
				DEVELOPMENT_TEAM = YJLBQYXH7D;
				GENERATE_INFOPLIST_FILE = YES;
				IPHONEOS_DEPLOYMENT_TARGET = 26.0;
				MARKETING_VERSION = 1.0;
				PRODUCT_BUNDLE_IDENTIFIER = Aeshah.team15Tests;
				PRODUCT_NAME = "$(TARGET_NAME)";
				STRING_CATALOG_GENERATE_SYMBOLS = NO;
				SWIFT_APPROACHABLE_CONCURRENCY = YES;
				SWIFT_EMIT_LOC_STRINGS = NO;
				SWIFT_UPCOMING_FEATURE_MEMBER_IMPORT_VISIBILITY = YES;
				SWIFT_VERSION = 5.0;
				TARGETED_DEVICE_FAMILY = "1,2";
				TEST_HOST = "$(BUILT_PRODUCTS_DIR)/team15.app/$(BUNDLE_EXECUTABLE_FOLDER_PATH)/team15";
			};
			name = Debug;
		};
		45D1FEC62ECF5396006AA815 /* Release */ = {
			isa = XCBuildConfiguration;
			buildSettings = {
				BUNDLE_LOADER = "$(TEST_HOST)";
				CODE_SIGN_STYLE = Automatic;
				CURRENT_PROJECT_VERSION = 1;
				DEVELOPMENT_TEAM = YJLBQYXH7D;
				GENERATE_INFOPLIST_FILE = YES;
				IPHONEOS_DEPLOYMENT_TARGET = 26.0;
				MARKETING_VERSION = 1.0;
				PRODUCT_BUNDLE_IDENTIFIER = Aeshah.team15Tests;
				PRODUCT_NAME = "$(TARGET_NAME)";
				STRING_CATALOG_GENERATE_SYMBOLS = NO;
				SWIFT_APPROACHABLE_CONCURRENCY = YES;
				SWIFT_EMIT_LOC_STRINGS = NO;
				SWIFT_UPCOMING_FEATURE_MEMBER_IMPORT_VISIBILITY = YES;
				SWIFT_VERSION = 5.0;
				TARGETED_DEVICE_FAMILY = "1,2";
				TEST_HOST = "$(BUILT_PRODUCTS_DIR)/team15.app/$(BUNDLE_EXECUTABLE_FOLDER_PATH)/team15";
			};
			name = Release;
		};
		45D1FEC82ECF5396006AA815 /* Debug */ = {
			isa = XCBuildConfiguration;
			buildSettings = {
				CODE_SIGN_STYLE = Automatic;
				CURRENT_PROJECT_VERSION = 1;
				DEVELOPMENT_TEAM = YJLBQYXH7D;
				GENERATE_INFOPLIST_FILE = YES;
				MARKETING_VERSION = 1.0;
				PRODUCT_BUNDLE_IDENTIFIER = Aeshah.team15UITests;
				PRODUCT_NAME = "$(TARGET_NAME)";
				STRING_CATALOG_GENERATE_SYMBOLS = NO;
				SWIFT_APPROACHABLE_CONCURRENCY = YES;
				SWIFT_EMIT_LOC_STRINGS = NO;
				SWIFT_UPCOMING_FEATURE_MEMBER_IMPORT_VISIBILITY = YES;
				SWIFT_VERSION = 5.0;
				TARGETED_DEVICE_FAMILY = "1,2";
				TEST_TARGET_NAME = team15;
			};
			name = Debug;
		};
		45D1FEC92ECF5396006AA815 /* Release */ = {
			isa = XCBuildConfiguration;
			buildSettings = {
				CODE_SIGN_STYLE = Automatic;
				CURRENT_PROJECT_VERSION = 1;
				DEVELOPMENT_TEAM = YJLBQYXH7D;
				GENERATE_INFOPLIST_FILE = YES;
				MARKETING_VERSION = 1.0;
				PRODUCT_BUNDLE_IDENTIFIER = Aeshah.team15UITests;
				PRODUCT_NAME = "$(TARGET_NAME)";
				STRING_CATALOG_GENERATE_SYMBOLS = NO;
				SWIFT_APPROACHABLE_CONCURRENCY = YES;
				SWIFT_EMIT_LOC_STRINGS = NO;
				SWIFT_UPCOMING_FEATURE_MEMBER_IMPORT_VISIBILITY = YES;
				SWIFT_VERSION = 5.0;
				TARGETED_DEVICE_FAMILY = "1,2";
				TEST_TARGET_NAME = team15;
			};
			name = Release;
		};
/* End XCBuildConfiguration section */

/* Begin XCConfigurationList section */
		45D1FE9B2ECF5395006AA815 /* Build configuration list for PBXProject "team15" */ = {
			isa = XCConfigurationList;
			buildConfigurations = (
				45D1FEBF2ECF5396006AA815 /* Debug */,
				45D1FEC02ECF5396006AA815 /* Release */,
			);
			defaultConfigurationIsVisible = 0;
			defaultConfigurationName = Release;
		};
		45D1FEC12ECF5396006AA815 /* Build configuration list for PBXNativeTarget "team15" */ = {
			isa = XCConfigurationList;
			buildConfigurations = (
				45D1FEC22ECF5396006AA815 /* Debug */,
				45D1FEC32ECF5396006AA815 /* Release */,
			);
			defaultConfigurationIsVisible = 0;
			defaultConfigurationName = Release;
		};
		45D1FEC42ECF5396006AA815 /* Build configuration list for PBXNativeTarget "team15Tests" */ = {
			isa = XCConfigurationList;
			buildConfigurations = (
				45D1FEC52ECF5396006AA815 /* Debug */,
				45D1FEC62ECF5396006AA815 /* Release */,
			);
			defaultConfigurationIsVisible = 0;
			defaultConfigurationName = Release;
		};
		45D1FEC72ECF5396006AA815 /* Build configuration list for PBXNativeTarget "team15UITests" */ = {
			isa = XCConfigurationList;
			buildConfigurations = (
				45D1FEC82ECF5396006AA815 /* Debug */,
				45D1FEC92ECF5396006AA815 /* Release */,
			);
			defaultConfigurationIsVisible = 0;
			defaultConfigurationName = Release;
		};
/* End XCConfigurationList section */
	};
	rootObject = 45D1FE982ECF5395006AA815 /* Project object */;
}
